
Microsoft Visual Studio Solution File, Format Version 12.00
# Visual Studio Version 17
VisualStudioVersion = 17.6.33815.320
MinimumVisualStudioVersion = 10.0.40219.1
Project("{FAE04EC0-301F-11D3-BF4B-00C04F79EFBC}") = "PokemonReviewApp", "PokemonReviewApp\PokemonReviewApp.csproj", "{569DFC83-E6ED-41DF-97A2-52294B162415}"
EndProject
Global
	GlobalSection(SolutionConfigurationPlatforms) = preSolution
		Debug|Any CPU = Debug|Any CPU
		Release|Any CPU = Release|Any CPU
	EndGlobalSection
	GlobalSection(ProjectConfigurationPlatforms) = postSolution
		{569DFC83-E6ED-41DF-97A2-52294B162415}.Debug|Any CPU.ActiveCfg = Debug|Any CPU
		{569DFC83-E6ED-41DF-97A2-52294B162415}.Debug|Any CPU.Build.0 = Debug|Any CPU
		{569DFC83-E6ED-41DF-97A2-52294B162415}.Release|Any CPU.ActiveCfg = Release|Any CPU
		{569DFC83-E6ED-41DF-97A2-52294B162415}.Release|Any CPU.Build.0 = Release|Any CPU
	EndGlobalSection
	GlobalSection(SolutionProperties) = preSolution
		HideSolutionNode = FALSE
	EndGlobalSection
	GlobalSection(ExtensibilityGlobals) = postSolution
		SolutionGuid = {AD596A14-0ABA-4658-9FAF-DBBC11339BC9}
	EndGlobalSection
EndGlobal
